
Microsoft Visual Studio Solution File, Format Version 12.00
# Visual Studio Version 17
VisualStudioVersion = 17.2.32630.192
MinimumVisualStudioVersion = 10.0.40219.1
Project("{FAE04EC0-301F-11D3-BF4B-00C04F79EFBC}") = "StringManipulation", "StringManipulation\StringManipulation.csproj", "{0B6129DA-81C8-4035-9F82-E4D56EC4085B}"
EndProject
Project("{FAE04EC0-301F-11D3-BF4B-00C04F79EFBC}") = "StringManipulation.Tests", "StringManipulation.Tests\StringManipulation.Tests.csproj", "{8EE21A89-860C-4E98-A9CD-11480EB61E2D}"
EndProject
Global
	GlobalSection(SolutionConfigurationPlatforms) = preSolution
		Debug|Any CPU = Debug|Any CPU
		Release|Any CPU = Release|Any CPU
	EndGlobalSection
	GlobalSection(ProjectConfigurationPlatforms) = postSolution
		{0B6129DA-81C8-4035-9F82-E4D56EC4085B}.Debug|Any CPU.ActiveCfg = Debug|Any CPU
		{0B6129DA-81C8-4035-9F82-E4D56EC4085B}.Debug|Any CPU.Build.0 = Debug|Any CPU
		{0B6129DA-81C8-4035-9F82-E4D56EC4085B}.Release|Any CPU.ActiveCfg = Release|Any CPU
		{0B6129DA-81C8-4035-9F82-E4D56EC4085B}.Release|Any CPU.Build.0 = Release|Any CPU
		{8EE21A89-860C-4E98-A9CD-11480EB61E2D}.Debug|Any CPU.ActiveCfg = Debug|Any CPU
		{8EE21A89-860C-4E98-A9CD-11480EB61E2D}.Debug|Any CPU.Build.0 = Debug|Any CPU
		{8EE21A89-860C-4E98-A9CD-11480EB61E2D}.Release|Any CPU.ActiveCfg = Release|Any CPU
		{8EE21A89-860C-4E98-A9CD-11480EB61E2D}.Release|Any CPU.Build.0 = Release|Any CPU
	EndGlobalSection
	GlobalSection(SolutionProperties) = preSolution
		HideSolutionNode = FALSE
	EndGlobalSection
	GlobalSection(ExtensibilityGlobals) = postSolution
		SolutionGuid = {16D54B36-E352-4313-B39C-4E453B0B0AA3}
	EndGlobalSection
EndGlobal
